
Microsoft Visual Studio Solution File, Format Version 12.00
# Visual Studio Version 16
VisualStudioVersion = 16.0.29020.237
MinimumVisualStudioVersion = 10.0.40219.1
Project("{FAE04EC0-301F-11D3-BF4B-00C04F79EFBC}") = "Aluno maior que bebe", "Aluno maior que bebe.csproj", "{FD013725-82FD-4C53-A813-028C9291A44D}"
EndProject
Global
	GlobalSection(SolutionConfigurationPlatforms) = preSolution
		Debug|Any CPU = Debug|Any CPU
		Release|Any CPU = Release|Any CPU
	EndGlobalSection
	GlobalSection(ProjectConfigurationPlatforms) = postSolution
		{FD013725-82FD-4C53-A813-028C9291A44D}.Debug|Any CPU.ActiveCfg = Debug|Any CPU
		{FD013725-82FD-4C53-A813-028C9291A44D}.Debug|Any CPU.Build.0 = Debug|Any CPU
		{FD013725-82FD-4C53-A813-028C9291A44D}.Release|Any CPU.ActiveCfg = Release|Any CPU
		{FD013725-82FD-4C53-A813-028C9291A44D}.Release|Any CPU.Build.0 = Release|Any CPU
	EndGlobalSection
	GlobalSection(SolutionProperties) = preSolution
		HideSolutionNode = FALSE
	EndGlobalSection
	GlobalSection(ExtensibilityGlobals) = postSolution
		SolutionGuid = {6594E29F-4A03-4208-8B1C-179F9F958187}
	EndGlobalSection
EndGlobal
