
Microsoft Visual Studio Solution File, Format Version 12.00
# Visual Studio Version 16
VisualStudioVersion = 16.0.29020.237
MinimumVisualStudioVersion = 10.0.40219.1
Project("{FAE04EC0-301F-11D3-BF4B-00C04F79EFBC}") = "Exercicio 2 - Bolo", "Exercicio 2 - Bolo.csproj", "{3142BAAE-5E3F-4A0E-919A-82B65D130B6F}"
EndProject
Project("{FAE04EC0-301F-11D3-BF4B-00C04F79EFBC}") = "RECEITA 2 BOLO", "..\RECEITA 2 BOLO\RECEITA 2 BOLO.csproj", "{CDD704D3-E29F-4ED0-85AF-0974EDBA27F1}"
EndProject
Global
	GlobalSection(SolutionConfigurationPlatforms) = preSolution
		Debug|Any CPU = Debug|Any CPU
		Release|Any CPU = Release|Any CPU
	EndGlobalSection
	GlobalSection(ProjectConfigurationPlatforms) = postSolution
		{3142BAAE-5E3F-4A0E-919A-82B65D130B6F}.Debug|Any CPU.ActiveCfg = Debug|Any CPU
		{3142BAAE-5E3F-4A0E-919A-82B65D130B6F}.Debug|Any CPU.Build.0 = Debug|Any CPU
		{3142BAAE-5E3F-4A0E-919A-82B65D130B6F}.Release|Any CPU.ActiveCfg = Release|Any CPU
		{3142BAAE-5E3F-4A0E-919A-82B65D130B6F}.Release|Any CPU.Build.0 = Release|Any CPU
		{CDD704D3-E29F-4ED0-85AF-0974EDBA27F1}.Debug|Any CPU.ActiveCfg = Debug|Any CPU
		{CDD704D3-E29F-4ED0-85AF-0974EDBA27F1}.Debug|Any CPU.Build.0 = Debug|Any CPU
		{CDD704D3-E29F-4ED0-85AF-0974EDBA27F1}.Release|Any CPU.ActiveCfg = Release|Any CPU
		{CDD704D3-E29F-4ED0-85AF-0974EDBA27F1}.Release|Any CPU.Build.0 = Release|Any CPU
	EndGlobalSection
	GlobalSection(SolutionProperties) = preSolution
		HideSolutionNode = FALSE
	EndGlobalSection
	GlobalSection(ExtensibilityGlobals) = postSolution
		SolutionGuid = {8B69B999-6077-44C0-9018-447C2BA6CA4F}
	EndGlobalSection
EndGlobal
