
Microsoft Visual Studio Solution File, Format Version 12.00
# Visual Studio Version 16
VisualStudioVersion = 16.0.29020.237
MinimumVisualStudioVersion = 10.0.40219.1
Project("{FAE04EC0-301F-11D3-BF4B-00C04F79EFBC}") = "PROGRAMA_BEEP", "PROGRAMA_BEEP.csproj", "{C7A81101-5FEE-4636-81BB-542DE07D7EC9}"
EndProject
Global
	GlobalSection(SolutionConfigurationPlatforms) = preSolution
		Debug|Any CPU = Debug|Any CPU
		Release|Any CPU = Release|Any CPU
	EndGlobalSection
	GlobalSection(ProjectConfigurationPlatforms) = postSolution
		{C7A81101-5FEE-4636-81BB-542DE07D7EC9}.Debug|Any CPU.ActiveCfg = Debug|Any CPU
		{C7A81101-5FEE-4636-81BB-542DE07D7EC9}.Debug|Any CPU.Build.0 = Debug|Any CPU
		{C7A81101-5FEE-4636-81BB-542DE07D7EC9}.Release|Any CPU.ActiveCfg = Release|Any CPU
		{C7A81101-5FEE-4636-81BB-542DE07D7EC9}.Release|Any CPU.Build.0 = Release|Any CPU
	EndGlobalSection
	GlobalSection(SolutionProperties) = preSolution
		HideSolutionNode = FALSE
	EndGlobalSection
	GlobalSection(ExtensibilityGlobals) = postSolution
		SolutionGuid = {D2978A0D-56E4-4CC2-8C62-20B87420ABE7}
	EndGlobalSection
EndGlobal
