
Microsoft Visual Studio Solution File, Format Version 12.00
# Visual Studio Version 16
VisualStudioVersion = 16.0.29123.88
MinimumVisualStudioVersion = 10.0.40219.1
Project("{FAE04EC0-301F-11D3-BF4B-00C04F79EFBC}") = "Listar_Meus_Carros", "Listar_Meus_Carros.csproj", "{DB372E23-959E-4046-902C-DE4B3312A9F7}"
EndProject
Global
	GlobalSection(SolutionConfigurationPlatforms) = preSolution
		Debug|Any CPU = Debug|Any CPU
		Release|Any CPU = Release|Any CPU
	EndGlobalSection
	GlobalSection(ProjectConfigurationPlatforms) = postSolution
		{DB372E23-959E-4046-902C-DE4B3312A9F7}.Debug|Any CPU.ActiveCfg = Debug|Any CPU
		{DB372E23-959E-4046-902C-DE4B3312A9F7}.Debug|Any CPU.Build.0 = Debug|Any CPU
		{DB372E23-959E-4046-902C-DE4B3312A9F7}.Release|Any CPU.ActiveCfg = Release|Any CPU
		{DB372E23-959E-4046-902C-DE4B3312A9F7}.Release|Any CPU.Build.0 = Release|Any CPU
	EndGlobalSection
	GlobalSection(SolutionProperties) = preSolution
		HideSolutionNode = FALSE
	EndGlobalSection
	GlobalSection(ExtensibilityGlobals) = postSolution
		SolutionGuid = {0D8DF1B1-32CB-4F91-92FA-28DD6FBBE370}
	EndGlobalSection
EndGlobal
